
Microsoft Visual Studio Solution File, Format Version 12.00
# Visual Studio 15
VisualStudioVersion = 15.0.28307.329
MinimumVisualStudioVersion = 10.0.40219.1
Project("{FAE04EC0-301F-11D3-BF4B-00C04F79EFBC}") = "MusicRecordRestPair", "MusicRecordRestPair\MusicRecordRestPair.csproj", "{03EB4772-8F96-4652-B081-5D9EAE9948BA}"
EndProject
Global
	GlobalSection(SolutionConfigurationPlatforms) = preSolution
		Debug|Any CPU = Debug|Any CPU
		Release|Any CPU = Release|Any CPU
	EndGlobalSection
	GlobalSection(ProjectConfigurationPlatforms) = postSolution
		{03EB4772-8F96-4652-B081-5D9EAE9948BA}.Debug|Any CPU.ActiveCfg = Debug|Any CPU
		{03EB4772-8F96-4652-B081-5D9EAE9948BA}.Debug|Any CPU.Build.0 = Debug|Any CPU
		{03EB4772-8F96-4652-B081-5D9EAE9948BA}.Release|Any CPU.ActiveCfg = Release|Any CPU
		{03EB4772-8F96-4652-B081-5D9EAE9948BA}.Release|Any CPU.Build.0 = Release|Any CPU
	EndGlobalSection
	GlobalSection(SolutionProperties) = preSolution
		HideSolutionNode = FALSE
	EndGlobalSection
	GlobalSection(ExtensibilityGlobals) = postSolution
		SolutionGuid = {529EC102-0BCC-43B1-A836-F7456F9BC6AF}
	EndGlobalSection
EndGlobal
